
Microsoft Visual Studio Solution File, Format Version 12.00
# Visual Studio 14
VisualStudioVersion = 14.0.25420.1
MinimumVisualStudioVersion = 10.0.40219.1
Project("{2150E333-8FDC-42A3-9474-1A3956D46DE8}") = "src", "src", "{DB730D19-6661-4429-BB78-1978DD36FF50}"
EndProject
Project("{2150E333-8FDC-42A3-9474-1A3956D46DE8}") = "Solution Items", "Solution Items", "{9BEDA1CB-80A2-44ED-9875-C864636B3D98}"
	ProjectSection(SolutionItems) = preProject
		global.json = global.json
		WebEssentials2015-Settings.json = WebEssentials2015-Settings.json
	EndProjectSection
EndProject
Project("{8BB2217D-0F2D-49D1-97BC-3654ED321F3B}") = "MvcMovie", "src\MvcMovie\MvcMovie.xproj", "{A9F7ECBC-B760-4744-977D-BFF4C79E3925}"
EndProject
Global
	GlobalSection(SolutionConfigurationPlatforms) = preSolution
		Debug|Any CPU = Debug|Any CPU
		Release|Any CPU = Release|Any CPU
	EndGlobalSection
	GlobalSection(ProjectConfigurationPlatforms) = postSolution
		{A9F7ECBC-B760-4744-977D-BFF4C79E3925}.Debug|Any CPU.ActiveCfg = Debug|Any CPU
		{A9F7ECBC-B760-4744-977D-BFF4C79E3925}.Debug|Any CPU.Build.0 = Debug|Any CPU
		{A9F7ECBC-B760-4744-977D-BFF4C79E3925}.Release|Any CPU.ActiveCfg = Release|Any CPU
		{A9F7ECBC-B760-4744-977D-BFF4C79E3925}.Release|Any CPU.Build.0 = Release|Any CPU
	EndGlobalSection
	GlobalSection(SolutionProperties) = preSolution
		HideSolutionNode = FALSE
	EndGlobalSection
	GlobalSection(NestedProjects) = preSolution
		{A9F7ECBC-B760-4744-977D-BFF4C79E3925} = {DB730D19-6661-4429-BB78-1978DD36FF50}
	EndGlobalSection
EndGlobal
